
Microsoft Visual Studio Solution File, Format Version 12.00
# Visual Studio Version 16
VisualStudioVersion = 16.0.31205.134
MinimumVisualStudioVersion = 10.0.40219.1
Project("{9A19103F-16F7-4668-BE54-9A1E7A4F7556}") = "Libreta_Contactos", "Libreta_Contactos.csproj", "{B655C301-3A28-438A-859E-1EBA0E69389C}"
EndProject
Global
	GlobalSection(SolutionConfigurationPlatforms) = preSolution
		Debug|Any CPU = Debug|Any CPU
		Release|Any CPU = Release|Any CPU
	EndGlobalSection
	GlobalSection(ProjectConfigurationPlatforms) = postSolution
		{B655C301-3A28-438A-859E-1EBA0E69389C}.Debug|Any CPU.ActiveCfg = Debug|Any CPU
		{B655C301-3A28-438A-859E-1EBA0E69389C}.Debug|Any CPU.Build.0 = Debug|Any CPU
		{B655C301-3A28-438A-859E-1EBA0E69389C}.Release|Any CPU.ActiveCfg = Release|Any CPU
		{B655C301-3A28-438A-859E-1EBA0E69389C}.Release|Any CPU.Build.0 = Release|Any CPU
	EndGlobalSection
	GlobalSection(SolutionProperties) = preSolution
		HideSolutionNode = FALSE
	EndGlobalSection
	GlobalSection(ExtensibilityGlobals) = postSolution
		SolutionGuid = {DC7A60B5-81F2-450C-8673-4D1099646756}
	EndGlobalSection
EndGlobal
